
Microsoft Visual Studio Solution File, Format Version 12.00
# Visual Studio Version 17
VisualStudioVersion = 17.14.36310.24 d17.14
MinimumVisualStudioVersion = 10.0.40219.1
Project("{FAE04EC0-301F-11D3-BF4B-00C04F79EFBC}") = "ClinicWise", "ClinicWise.csproj", "{9F3CC4C2-B7B7-401B-8EF3-EAB3691D63A0}"
EndProject
Project("{FAE04EC0-301F-11D3-BF4B-00C04F79EFBC}") = "ClinicWise.Business", "..\ClinicWise.Business\ClinicWise.Business.csproj", "{C4FB53A0-8FFE-4126-8932-CE90A6B6B6F4}"
EndProject
Project("{FAE04EC0-301F-11D3-BF4B-00C04F79EFBC}") = "ClinicWise.DataAccess", "..\ClinicWise.DataAccess\ClinicWise.DataAccess.csproj", "{0FA4686B-A289-48DB-97F7-3ECCE12C5921}"
EndProject
Global
	GlobalSection(SolutionConfigurationPlatforms) = preSolution
		Debug|Any CPU = Debug|Any CPU
		Release|Any CPU = Release|Any CPU
	EndGlobalSection
	GlobalSection(ProjectConfigurationPlatforms) = postSolution
		{9F3CC4C2-B7B7-401B-8EF3-EAB3691D63A0}.Debug|Any CPU.ActiveCfg = Debug|Any CPU
		{9F3CC4C2-B7B7-401B-8EF3-EAB3691D63A0}.Debug|Any CPU.Build.0 = Debug|Any CPU
		{9F3CC4C2-B7B7-401B-8EF3-EAB3691D63A0}.Release|Any CPU.ActiveCfg = Release|Any CPU
		{9F3CC4C2-B7B7-401B-8EF3-EAB3691D63A0}.Release|Any CPU.Build.0 = Release|Any CPU
		{C4FB53A0-8FFE-4126-8932-CE90A6B6B6F4}.Debug|Any CPU.ActiveCfg = Debug|Any CPU
		{C4FB53A0-8FFE-4126-8932-CE90A6B6B6F4}.Debug|Any CPU.Build.0 = Debug|Any CPU
		{C4FB53A0-8FFE-4126-8932-CE90A6B6B6F4}.Release|Any CPU.ActiveCfg = Release|Any CPU
		{C4FB53A0-8FFE-4126-8932-CE90A6B6B6F4}.Release|Any CPU.Build.0 = Release|Any CPU
		{0FA4686B-A289-48DB-97F7-3ECCE12C5921}.Debug|Any CPU.ActiveCfg = Debug|Any CPU
		{0FA4686B-A289-48DB-97F7-3ECCE12C5921}.Debug|Any CPU.Build.0 = Debug|Any CPU
		{0FA4686B-A289-48DB-97F7-3ECCE12C5921}.Release|Any CPU.ActiveCfg = Release|Any CPU
		{0FA4686B-A289-48DB-97F7-3ECCE12C5921}.Release|Any CPU.Build.0 = Release|Any CPU
	EndGlobalSection
	GlobalSection(SolutionProperties) = preSolution
		HideSolutionNode = FALSE
	EndGlobalSection
	GlobalSection(ExtensibilityGlobals) = postSolution
		SolutionGuid = {8CDE083B-6BA3-4A67-946A-AD4A899B45A1}
	EndGlobalSection
EndGlobal
